
Microsoft Visual Studio Solution File, Format Version 12.00
# Visual Studio 2015
Project("{FAE04EC0-301F-11D3-BF4B-00C04F79EFBC}") = "Myth_Project", "Myth_Project.csproj", "{399AD72D-0BED-C437-2A47-B88557A71FAA}"
EndProject
Global
	GlobalSection(SolutionConfigurationPlatforms) = preSolution
		Debug|Any CPU = Debug|Any CPU
		Release|Any CPU = Release|Any CPU
	EndGlobalSection
	GlobalSection(ProjectConfigurationPlatforms) = postSolution
		{399AD72D-0BED-C437-2A47-B88557A71FAA}.Debug|Any CPU.ActiveCfg = Debug|Any CPU
		{399AD72D-0BED-C437-2A47-B88557A71FAA}.Debug|Any CPU.Build.0 = Debug|Any CPU
		{399AD72D-0BED-C437-2A47-B88557A71FAA}.Release|Any CPU.ActiveCfg = Release|Any CPU
		{399AD72D-0BED-C437-2A47-B88557A71FAA}.Release|Any CPU.Build.0 = Release|Any CPU
	EndGlobalSection
	GlobalSection(SolutionProperties) = preSolution
		HideSolutionNode = FALSE
	EndGlobalSection
EndGlobal
